
Microsoft Visual Studio Solution File, Format Version 12.00
# Visual Studio Version 17
VisualStudioVersion = 17.0.31903.59
MinimumVisualStudioVersion = 10.0.40219.1
Project("{9A19103F-16F7-4668-BE54-9A1E7A4F7556}") = "API", "API\API.csproj", "{DAE0CF19-D9F7-40F3-85E9-C1D0A3507DD6}"
EndProject
Project("{2150E333-8FDC-42A3-9474-1A3956D46DE8}") = "NewFolder1", "NewFolder1", "{4F10D0F7-A5E4-48E8-99B1-676077F6828C}"
EndProject
Global
	GlobalSection(SolutionConfigurationPlatforms) = preSolution
		Debug|Any CPU = Debug|Any CPU
		Release|Any CPU = Release|Any CPU
	EndGlobalSection
	GlobalSection(ProjectConfigurationPlatforms) = postSolution
		{DAE0CF19-D9F7-40F3-85E9-C1D0A3507DD6}.Debug|Any CPU.ActiveCfg = Debug|Any CPU
		{DAE0CF19-D9F7-40F3-85E9-C1D0A3507DD6}.Debug|Any CPU.Build.0 = Debug|Any CPU
		{DAE0CF19-D9F7-40F3-85E9-C1D0A3507DD6}.Release|Any CPU.ActiveCfg = Release|Any CPU
		{DAE0CF19-D9F7-40F3-85E9-C1D0A3507DD6}.Release|Any CPU.Build.0 = Release|Any CPU
	EndGlobalSection
	GlobalSection(SolutionProperties) = preSolution
		HideSolutionNode = FALSE
	EndGlobalSection
EndGlobal
